github.com/ProtonMail/go-crypto v1.3.0 h1:ILq8+Sf5If5DCpHQp4PbZdS1J7HDFRXz/+xKBiRGFrw=
github.com/ProtonMail/go-crypto v1.3.0/go.mod h1:9whxjD8Rbs29b4XWbB8irEcE8KHMqaR2e7GWU1R+/PE=
github.com/bwmarrin/discordgo v0.29.0 h1:FmWeXFaKUwrcL3Cx65c20bTRW+vOb6k8AnaP+EgjDno=
github.com/bwmarrin/discordgo v0.29.0/go.mod h1:NJZpH+1AfhIcyQsPeuBKsUtYrRnjkyu0kIVMCHkZtRY=
github.com/cloudflare/circl v1.6.2 h1:hL7VBpHHKzrV5WTfHCaBsgx/HGbBYlgrwvNXEVDYYsQ=
github.com/cloudflare/circl v1.6.2/go.mod h1:2eXP6Qfat4O/Yhh8BznvKnJ+uzEoTQ6jVKJRn81BiS4=
github.com/codeGROOVE-dev/ds9 v0.8.0 h1:A23VvL1YzUBZyXNYmF5u0R6nPcxQitPeLo8FFk6OiUs=
github.com/codeGROOVE-dev/ds9 v0.8.0/go.mod h1:0UDipxF1DADfqM5GtjefgB2u+EXdDgOKmxVvrSGLHoM=
github.com/codeGROOVE-dev/fido v1.10.0 h1:i4Wb6LDd5nD/4Fnp47KAVUVhG1O1mN5jSRbCYPpBYjw=
github.com/codeGROOVE-dev/fido v1.10.0/go.mod h1:/mqfMeKCTYTGt/Y0cWm6gh8gYBKG1w8xBsTDmu+A/pU=
github.com/codeGROOVE-dev/fido/pkg/store/cloudrun v1.10.0 h1:0Wvs3JE+TI8GsEkh0jg0SglyFyIkBewPSl0PTUSVqEo=
github.com/codeGROOVE-dev/fido/pkg/store/cloudrun v1.10.0/go.mod h1:MaxO6QGv89FrZB1D+stiZjRcbaMUfiw7yYGkaqOoJ2k=
github.com/codeGROOVE-dev/fido/pkg/store/compress v1.10.0 h1:W3AYtR6eyPHQ8QhTsuqjNZYWk/Fev0cJiAiuw04uhlk=
github.com/codeGROOVE-dev/fido/pkg/store/compress v1.10.0/go.mod h1:0hFYQ8Y6jfrYuJb8eBimYz66tg7DDuVWbZqaI944LQM=
github.com/codeGROOVE-dev/fido/pkg/store/datastore v1.10.0 h1:vCsLeESGQvW7F8pJJimZhRjzWmrQg1WZgT22om9fT/Q=
github.com/codeGROOVE-dev/fido/pkg/store/datastore v1.10.0/go.mod h1:LtpO9TUi92D7uLBXJu+kLWVpRmEtVRAWVB2EdzNU0JQ=
github.com/codeGROOVE-dev/fido/pkg/store/localfs v1.10.0 h1:oaPwuHHBuzhsWnPm7UCxgwjz7+jG3O0JenSSgPSwqv8=
github.com/codeGROOVE-dev/fido/pkg/store/localfs v1.10.0/go.mod h1:zUGzODSWykosAod0IHycxdxUOMcd2eVqd6eUdOsU73E=
github.com/codeGROOVE-dev/fido/pkg/store/null v1.10.0 h1:3F6absPj3zUaPsK7ohTTlwOXZ2XAr+/TudIPCYPamsw=
github.com/codeGROOVE-dev/fido/pkg/store/null v1.10.0/go.mod h1:mvPXZ0lHnaQuxkSozpmWf2ZKL5bzKe/IIGFLlcQH/F4=
github.com/codeGROOVE-dev/gsm v1.0.0 h1:hbKKew8UdetYILX/DvNcn11NEvtejhucwOY7n4OLLwI=
github.com/codeGROOVE-dev/gsm v1.0.0/go.mod h1:KV+w19ubP32PxZPE1hOtlCpTaNpF0Bpb32w5djO8UTg=
github.com/codeGROOVE-dev/retry v1.3.1 h1:BAkfDzs6FssxLCGWGgM97bb+6/8GTa40Cs147vXkJOg=
github.com/codeGROOVE-dev/retry v1.3.1/go.mod h1:+b3huqYGY1+ZJyuCmR8nBVLjd3WJ7qAFss+sI4s6FSc=
github.com/codeGROOVE-dev/sprinkler v0.0.0-20260117025717-3985b18e658a h1:W13W4gtRwD409ayQF4c6gNZwvfuYowIb8JKyd4bgmDU=
github.com/codeGROOVE-dev/sprinkler v0.0.0-20260117025717-3985b18e658a/go.mod h1:SBz4HTjsHOC2cUL5uHeaMt5nvyse1Ft56K3vxpoZuos=
github.com/golang-jwt/jwt/v5 v5.3.0 h1:pv4AsKCKKZuqlgs5sUmn4x8UlGa0kEVt/puTpKx9vvo=
github.com/golang-jwt/jwt/v5 v5.3.0/go.mod h1:fxCRLWMO43lRc8nhHWY6LGqRcf+1gQWArsqaEUEa5bE=
github.com/google/go-cmp v0.6.0 h1:ofyhxvXcZhMsU5ulbFiLKl/XBFqE1GSq7atu8tAmTRI=
github.com/google/go-cmp v0.6.0/go.mod h1:17dUlkBOakJ0+DkrSSNjCkIjxS6bF9zb3elmeNGIjoY=
github.com/google/go-github/v50 v50.2.0 h1:j2FyongEHlO9nxXLc+LP3wuBSVU9mVxfpdYUexMpIfk=
github.com/google/go-github/v50 v50.2.0/go.mod h1:VBY8FB6yPIjrtKhozXv4FQupxKLS6H4m6xFZlT43q8Q=
github.com/google/go-querystring v1.2.0 h1:yhqkPbu2/OH+V9BfpCVPZkNmUXhb2gBxJArfhIxNtP0=
github.com/google/go-querystring v1.2.0/go.mod h1:8IFJqpSRITyJ8QhQ13bmbeMBDfmeEJZD5A0egEOmkqU=
github.com/google/uuid v1.6.0 h1:NIvaJDMOsjHA8n1jAhLSgzrAzy1Hgr+hNrb57e+94F0=
github.com/google/uuid v1.6.0/go.mod h1:TIyPZe4MgqvfeYDBFedMoGGpEw/LqOeaOT+nhxU+yHo=
github.com/gorilla/mux v1.8.1 h1:TuBL49tXwgrFYWhqrNgrUNEY92u81SPhu7sTdzQEiWY=
github.com/gorilla/mux v1.8.1/go.mod h1:AKf9I4AEqPTmMytcMc0KkNouC66V3BtZ4qD5fmWSiMQ=
github.com/gorilla/websocket v1.4.2/go.mod h1:YR8l580nyteQvAITg2hZ9XVh4b55+EU/adAjf1fMHhE=
github.com/gorilla/websocket v1.5.3 h1:saDtZ6Pbx/0u+bgYQ3q96pZgCzfhKXGPqt7kZ72aNNg=
github.com/gorilla/websocket v1.5.3/go.mod h1:YR8l580nyteQvAITg2hZ9XVh4b55+EU/adAjf1fMHhE=
github.com/klauspost/compress v1.18.3 h1:9PJRvfbmTabkOX8moIpXPbMMbYN60bWImDDU7L+/6zw=
github.com/klauspost/compress v1.18.3/go.mod h1:R0h/fSBs8DE4ENlcrlib3PsXS61voFxhIs2DeRhCvJ4=
github.com/pierrec/lz4/v4 v4.1.22 h1:cKFw6uJDK+/gfw5BcDL0JL5aBsAFdsIT18eRtLj7VIU=
github.com/pierrec/lz4/v4 v4.1.22/go.mod h1:gZWDp/Ze/IJXGXf23ltt2EXimqmTUXEy0GFuRQyBid4=
github.com/puzpuzpuz/xsync/v4 v4.3.0 h1:w/bWkEJdYuRNYhHn5eXnIT8LzDM1O629X1I9MJSkD7Q=
github.com/puzpuzpuz/xsync/v4 v4.3.0/go.mod h1:VJDmTCJMBt8igNxnkQd86r+8KUeN1quSfNKu5bLYFQo=
golang.org/x/crypto v0.0.0-20210421170649-83a5a9bb288b/go.mod h1:T9bdIzuCu7OtxOm1hfPfRQxPLYneinmdGuTeoZ9dtd4=
golang.org/x/crypto v0.47.0 h1:V6e3FRj+n4dbpw86FJ8Fv7XVOql7TEwpHapKoMJ/GO8=
golang.org/x/crypto v0.47.0/go.mod h1:ff3Y9VzzKbwSSEzWqJsJVBnWmRwRSHt/6Op5n9bQc4A=
golang.org/x/net v0.0.0-20210226172049-e18ecbb05110/go.mod h1:m0MpNAwzfU5UDzcl9v0D8zg8gWTRqZa9RBIspLL5mdg=
golang.org/x/net v0.49.0 h1:eeHFmOGUTtaaPSGNmjBKpbng9MulQsJURQUAfUwY++o=
golang.org/x/net v0.49.0/go.mod h1:/ysNB2EvaqvesRkuLAyjI1ycPZlQHM3q01F02UY/MV8=
golang.org/x/oauth2 v0.34.0 h1:hqK/t4AKgbqWkdkcAeI8XLmbK+4m4G5YeQRrmiotGlw=
golang.org/x/oauth2 v0.34.0/go.mod h1:lzm5WQJQwKZ3nwavOZ3IS5Aulzxi68dUSgRHujetwEA=
golang.org/x/sync v0.19.0 h1:vV+1eWNmZ5geRlYjzm2adRgW2/mcpevXNg50YZtPCE4=
golang.org/x/sync v0.19.0/go.mod h1:9KTHXmSnoGruLpwFjVSX0lNNA75CykiMECbovNTZqGI=
golang.org/x/sys v0.0.0-20201119102817-f84b799fce68/go.mod h1:h1NjWce9XRLGQEsW7wpKNCjG9DtNlClVuFLEZdDNbEs=
golang.org/x/sys v0.40.0 h1:DBZZqJ2Rkml6QMQsZywtnjnnGvHza6BTfYFWY9kjEWQ=
golang.org/x/sys v0.40.0/go.mod h1:OgkHotnGiDImocRcuBABYBEXf8A9a87e/uXjp9XT3ks=
golang.org/x/term v0.0.0-20201126162022-7de9c90e9dd1/go.mod h1:bj7SfCRtBDWHUb9snDiAeCFNEtKQo2Wmx5Cou7ajbmo=
golang.org/x/text v0.3.3/go.mod h1:5Zoc/QRtKVWzQhOtBMvqHzDpF6irO9z98xDceosuGiQ=
golang.org/x/tools v0.0.0-20180917221912-90fa682c2a6e/go.mod h1:n7NCudcB/nEzxVGmLbDWY5pfWTLqBcC2KZ6jyYvM4mQ=
gopkg.in/check.v1 v0.0.0-20161208181325-20d25e280405 h1:yhCVgyC4o1eVCa2tZl7eS0r+SDo693bJlVdllGtEeKM=
gopkg.in/check.v1 v0.0.0-20161208181325-20d25e280405/go.mod h1:Co6ibVJAznAaIkqp8huTwlJQCZ016jof/cbN4VW5Yz0=
gopkg.in/yaml.v3 v3.0.1 h1:fxVm/GzAzEWqLHuvctI91KS9hhNmmWOoWu0XTYJS7CA=
gopkg.in/yaml.v3 v3.0.1/go.mod h1:K4uyk7z7BCEPqu6E+C64Yfv1cQ7kz7rIZviUmN+EgEM=
